<?xml version="1.0" encoding="utf-8"?>
<Project ToolsVersion="4.0" xmlns="http://schemas.microsoft.com/developer/msbuild/2003">
  <ItemGroup>
    <Filter Include="Obligatorio">
      <UniqueIdentifier>{288f1f99-c3c9-4721-83c2-89f1e1834f2d}</UniqueIdentifier>
    </Filter>
    <Filter Include="Obligatorio\Pruebas">
      <UniqueIdentifier>{ec6ed5e1-1060-4607-b4f7-9efbc68609a8}</UniqueIdentifier>
    </Filter>
    <Filter Include="Obligatorio\Interfaces">
      <UniqueIdentifier>{2a4b271d-48c4-419b-ad77-37e36699f80c}</UniqueIdentifier>
    </Filter>
    <Filter Include="Implementacion">
      <UniqueIdentifier>{5f63c92d-1635-4d7e-a513-4bf82e999fe4}</UniqueIdentifier>
    </Filter>
    <Filter Include="Implementacion\TADs">
      <UniqueIdentifier>{868aed1c-e92c-4330-85ab-b80c07e8bc7a}</UniqueIdentifier>
    </Filter>
    <Filter Include="Implementacion\TADs\Comparadores">
      <UniqueIdentifier>{107898aa-3983-4a64-b8cb-d24d43de0399}</UniqueIdentifier>
    </Filter>
    <Filter Include="Implementacion\TADs\Lista Ordenada Array">
      <UniqueIdentifier>{cb048bc0-c523-4586-8052-10b27abd1851}</UniqueIdentifier>
    </Filter>
  </ItemGroup>
  <ItemGroup>
    <ClCompile Include="CasoDePrueba.cpp">
      <Filter>Obligatorio\Pruebas</Filter>
    </ClCompile>
    <ClCompile Include="main.cpp">
      <Filter>Implementacion</Filter>
    </ClCompile>
    <ClCompile Include="PruebasMock.cpp">
      <Filter>Obligatorio\Pruebas</Filter>
    </ClCompile>
    <ClCompile Include="Sistema.cpp">
      <Filter>Implementacion</Filter>
    </ClCompile>
    <ClCompile Include="ListaOrdArray.cpp">
      <Filter>Implementacion\TADs\Lista Ordenada Array</Filter>
    </ClCompile>
  </ItemGroup>
  <ItemGroup>
    <ClInclude Include="CasoDePrueba.h">
      <Filter>Obligatorio\Pruebas</Filter>
    </ClInclude>
    <ClInclude Include="ISistema.h">
      <Filter>Obligatorio\Interfaces</Filter>
    </ClInclude>
    <ClInclude Include="ICiudad.h">
      <Filter>Obligatorio\Interfaces</Filter>
    </ClInclude>
    <ClInclude Include="PruebasMock.h">
      <Filter>Obligatorio\Pruebas</Filter>
    </ClInclude>
    <ClInclude Include="Sistema.h">
      <Filter>Implementacion</Filter>
    </ClInclude>
    <ClInclude Include="Producto.h">
      <Filter>Obligatorio\Interfaces</Filter>
    </ClInclude>
    <ClInclude Include="ListaOrd.h">
      <Filter>Implementacion\TADs\Lista Ordenada Array</Filter>
    </ClInclude>
    <ClInclude Include="ListaOrdArray.h">
      <Filter>Implementacion\TADs\Lista Ordenada Array</Filter>
    </ClInclude>
    <ClInclude Include="ComparacionMaterias.h">
      <Filter>Implementacion\TADs\Comparadores</Filter>
    </ClInclude>
    <ClInclude Include="ComparacionTupla.h">
      <Filter>Implementacion\TADs\Comparadores</Filter>
    </ClInclude>
    <ClInclude Include="ComparacionNat.h">
      <Filter>Implementacion\TADs\Comparadores</Filter>
    </ClInclude>
    <ClInclude Include="ComparacionICiudad.h">
      <Filter>Implementacion\TADs\Comparadores</Filter>
    </ClInclude>
  </ItemGroup>
</Project>